{
  "name": "server5",
  "lockfileVersion": 2,
  "requires": true,
  "packages": {
    "": {
      "dependencies": {
        "map-range": "^0.1.2"
      }
    },
    "node_modules/map-range": {
      "version": "0.1.2",
      "resolved": "https://registry.npmjs.org/map-range/-/map-range-0.1.2.tgz",
      "integrity": "sha1-qB7mZpWaDCBMpDO+GRhZSaZl2BQ="
    }
  },
  "dependencies": {
    "map-range": {
      "version": "0.1.2",
      "resolved": "https://registry.npmjs.org/map-range/-/map-range-0.1.2.tgz",
      "integrity": "sha1-qB7mZpWaDCBMpDO+GRhZSaZl2BQ="
    }
  }
}
